// !$*UTF8*$!
{
	archiveVersion = 1;
	classes = {
	};
	objectVersion = 50;
	objects = {

/* Begin PBXBuildFile section */
		137E101721B7BE9600FBDE9C /* AppDelegate.m in Sources */ = {isa = PBXBuildFile; fileRef = 137E101621B7BE9600FBDE9C /* AppDelegate.m */; };
		137E101A21B7BE9600FBDE9C /* ViewController.m in Sources */ = {isa = PBXBuildFile; fileRef = 137E101921B7BE9600FBDE9C /* ViewController.m */; };
		137E101D21B7BE9600FBDE9C /* Main.storyboard in Resources */ = {isa = PBXBuildFile; fileRef = 137E101B21B7BE9600FBDE9C /* Main.storyboard */; };
		137E101F21B7BE9800FBDE9C /* Assets.xcassets in Resources */ = {isa = PBXBuildFile; fileRef = 137E101E21B7BE9800FBDE9C /* Assets.xcassets */; };
		137E102221B7BE9800FBDE9C /* LaunchScreen.storyboard in Resources */ = {isa = PBXBuildFile; fileRef = 137E102021B7BE9800FBDE9C /* LaunchScreen.storyboard */; };
		137E102521B7BE9800FBDE9C /* main.m in Sources */ = {isa = PBXBuildFile; fileRef = 137E102421B7BE9800FBDE9C /* main.m */; };
		137E102E21B7BF2E00FBDE9C /* UIViewController+ClassName.m in Sources */ = {isa = PBXBuildFile; fileRef = 137E102D21B7BF2E00FBDE9C /* UIViewController+ClassName.m */; };
/* End PBXBuildFile section */

/* Begin PBXFileReference section */
		137E101221B7BE9600FBDE9C /* ShowControllerName.app */ = {isa = PBXFileReference; explicitFileType = wrapper.application; includeInIndex = 0; path = ShowControllerName.app; sourceTree = BUILT_PRODUCTS_DIR; };
		137E101521B7BE9600FBDE9C /* AppDelegate.h */ = {isa = PBXFileReference; lastKnownFileType = sourcecode.c.h; path = AppDelegate.h; sourceTree = "<group>"; };
		137E101621B7BE9600FBDE9C /* AppDelegate.m */ = {isa = PBXFileReference; lastKnownFileType = sourcecode.c.objc; path = AppDelegate.m; sourceTree = "<group>"; };
		137E101821B7BE9600FBDE9C /* ViewController.h */ = {isa = PBXFileReference; lastKnownFileType = sourcecode.c.h; path = ViewController.h; sourceTree = "<group>"; };
		137E101921B7BE9600FBDE9C /* ViewController.m */ = {isa = PBXFileReference; lastKnownFileType = sourcecode.c.objc; path = ViewController.m; sourceTree = "<group>"; };
		137E101C21B7BE9600FBDE9C /* Base */ = {isa = PBXFileReference; lastKnownFileType = file.storyboard; name = Base; path = Base.lproj/Main.storyboard; sourceTree = "<group>"; };
		137E101E21B7BE9800FBDE9C /* Assets.xcassets */ = {isa = PBXFileReference; lastKnownFileType = folder.assetcatalog; path = Assets.xcassets; sourceTree = "<group>"; };
		137E102121B7BE9800FBDE9C /* Base */ = {isa = PBXFileReference; lastKnownFileType = file.storyboard; name = Base; path = Base.lproj/LaunchScreen.storyboard; sourceTree = "<group>"; };
		137E102321B7BE9800FBDE9C /* Info.plist */ = {isa = PBXFileReference; lastKnownFileType = text.plist.xml; path = Info.plist; sourceTree = "<group>"; };
		137E102421B7BE9800FBDE9C /* main.m */ = {isa = PBXFileReference; lastKnownFileType = sourcecode.c.objc; path = main.m; sourceTree = "<group>"; };
		137E102C21B7BF2E00FBDE9C /* UIViewController+ClassName.h */ = {isa = PBXFileReference; lastKnownFileType = sourcecode.c.h; path = "UIViewController+ClassName.h"; sourceTree = "<group>"; };
		137E102D21B7BF2E00FBDE9C /* UIViewController+ClassName.m */ = {isa = PBXFileReference; lastKnownFileType = sourcecode.c.objc; path = "UIViewController+ClassName.m"; sourceTree = "<group>"; };
/* End PBXFileReference section */

/* Begin PBXFrameworksBuildPhase section */
		137E100F21B7BE9600FBDE9C /* Frameworks */ = {
			isa = PBXFrameworksBuildPhase;
			buildActionMask = 2147483647;
			files = (
			);
			runOnlyForDeploymentPostprocessing = 0;
		};
/* End PBXFrameworksBuildPhase section */

/* Begin PBXGroup section */
		137E100921B7BE9600FBDE9C = {
			isa = PBXGroup;
			children = (
				137E101421B7BE9600FBDE9C /* ShowControllerName */,
				137E101321B7BE9600FBDE9C /* Products */,
			);
			sourceTree = "<group>";
		};
		137E101321B7BE9600FBDE9C /* Products */ = {
			isa = PBXGroup;
			children = (
				137E101221B7BE9600FBDE9C /* ShowControllerName.app */,
			);
			name = Products;
			sourceTree = "<group>";
		};
		137E101421B7BE9600FBDE9C /* ShowControllerName */ = {
			isa = PBXGroup;
			children = (
				137E102B21B7BF0000FBDE9C /* ControllerName */,
				137E101521B7BE9600FBDE9C /* AppDelegate.h */,
				137E101621B7BE9600FBDE9C /* AppDelegate.m */,
				137E101821B7BE9600FBDE9C /* ViewController.h */,
				137E101921B7BE9600FBDE9C /* ViewController.m */,
				137E101B21B7BE9600FBDE9C /* Main.storyboard */,
				137E101E21B7BE9800FBDE9C /* Assets.xcassets */,
				137E102021B7BE9800FBDE9C /* LaunchScreen.storyboard */,
				137E102321B7BE9800FBDE9C /* Info.plist */,
				137E102421B7BE9800FBDE9C /* main.m */,
			);
			path = ShowControllerName;
			sourceTree = "<group>";
		};
		137E102B21B7BF0000FBDE9C /* ControllerName */ = {
			isa = PBXGroup;
			children = (
				137E102C21B7BF2E00FBDE9C /* UIViewController+ClassName.h */,
				137E102D21B7BF2E00FBDE9C /* UIViewController+ClassName.m */,
			);
			path = ControllerName;
			sourceTree = "<group>";
		};
/* End PBXGroup section */

/* Begin PBXNativeTarget section */
		137E101121B7BE9600FBDE9C /* ShowControllerName */ = {
			isa = PBXNativeTarget;
			buildConfigurationList = 137E102821B7BE9800FBDE9C /* Build configuration list for PBXNativeTarget "ShowControllerName" */;
			buildPhases = (
				137E100E21B7BE9600FBDE9C /* Sources */,
				137E100F21B7BE9600FBDE9C /* Frameworks */,
				137E101021B7BE9600FBDE9C /* Resources */,
			);
			buildRules = (
			);
			dependencies = (
			);
			name = ShowControllerName;
			productName = ShowControllerName;
			productReference = 137E101221B7BE9600FBDE9C /* ShowControllerName.app */;
			productType = "com.apple.product-type.application";
		};
/* End PBXNativeTarget section */

/* Begin PBXProject section */
		137E100A21B7BE9600FBDE9C /* Project object */ = {
			isa = PBXProject;
			attributes = {
				LastUpgradeCheck = 1010;
				ORGANIZATIONNAME = Conner;
				TargetAttributes = {
					137E101121B7BE9600FBDE9C = {
						CreatedOnToolsVersion = 10.1;
					};
				};
			};
			buildConfigurationList = 137E100D21B7BE9600FBDE9C /* Build configuration list for PBXProject "ShowControllerName" */;
			compatibilityVersion = "Xcode 9.3";
			developmentRegion = en;
			hasScannedForEncodings = 0;
			knownRegions = (
				en,
				Base,
			);
			mainGroup = 137E100921B7BE9600FBDE9C;
			productRefGroup = 137E101321B7BE9600FBDE9C /* Products */;
			projectDirPath = "";
			projectRoot = "";
			targets = (
				137E101121B7BE9600FBDE9C /* ShowControllerName */,
			);
		};
/* End PBXProject section */

/* Begin PBXResourcesBuildPhase section */
		137E101021B7BE9600FBDE9C /* Resources */ = {
			isa = PBXResourcesBuildPhase;
			buildActionMask = 2147483647;
			files = (
				137E102221B7BE9800FBDE9C /* LaunchScreen.storyboard in Resources */,
				137E101F21B7BE9800FBDE9C /* Assets.xcassets in Resources */,
				137E101D21B7BE9600FBDE9C /* Main.storyboard in Resources */,
			);
			runOnlyForDeploymentPostprocessing = 0;
		};
/* End PBXResourcesBuildPhase section */

/* Begin PBXSourcesBuildPhase section */
		137E100E21B7BE9600FBDE9C /* Sources */ = {
			isa = PBXSourcesBuildPhase;
			buildActionMask = 2147483647;
			files = (
				137E101A21B7BE9600FBDE9C /* ViewController.m in Sources */,
				137E102521B7BE9800FBDE9C /* main.m in Sources */,
				137E102E21B7BF2E00FBDE9C /* UIViewController+ClassName.m in Sources */,
				137E101721B7BE9600FBDE9C /* AppDelegate.m in Sources */,
			);
			runOnlyForDeploymentPostprocessing = 0;
		};
/* End PBXSourcesBuildPhase section */

/* Begin PBXVariantGroup section */
		137E101B21B7BE9600FBDE9C /* Main.storyboard */ = {
			isa = PBXVariantGroup;
			children = (
				137E101C21B7BE9600FBDE9C /* Base */,
			);
			name = Main.storyboard;
			sourceTree = "<group>";
		};
		137E102021B7BE9800FBDE9C /* LaunchScreen.storyboard */ = {
			isa = PBXVariantGroup;
			children = (
				137E102121B7BE9800FBDE9C /* Base */,
			);
			name = LaunchScreen.storyboard;
			sourceTree = "<group>";
		};
/* End PBXVariantGroup section */

/* Begin XCBuildConfiguration section */
		137E102621B7BE9800FBDE9C /* Debug */ = {
			isa = XCBuildConfiguration;
			buildSettings = {
				ALWAYS_SEARCH_USER_PATHS = NO;
				CLANG_ANALYZER_NONNULL = YES;
				CLANG_ANALYZER_NUMBER_OBJECT_CONVERSION = YES_AGGRESSIVE;
				CLANG_CXX_LANGUAGE_STANDARD = "gnu++14";
				CLANG_CXX_LIBRARY = "libc++";
				CLANG_ENABLE_MODULES = YES;
				CLANG_ENABLE_OBJC_ARC = YES;
				CLANG_ENABLE_OBJC_WEAK = YES;
				CLANG_WARN_BLOCK_CAPTURE_AUTORELEASING = YES;
				CLANG_WARN_BOOL_CONVERSION = YES;
				CLANG_WARN_COMMA = YES;
				CLANG_WARN_CONSTANT_CONVERSION = YES;
				CLANG_WARN_DEPRECATED_OBJC_IMPLEMENTATIONS = YES;
				CLANG_WARN_DIRECT_OBJC_ISA_USAGE = YES_ERROR;
				CLANG_WARN_DOCUMENTATION_COMMENTS = YES;
				CLANG_WARN_EMPTY_BODY = YES;
				CLANG_WARN_ENUM_CONVERSION = YES;
				CLANG_WARN_INFINITE_RECURSION = YES;
				CLANG_WARN_INT_CONVERSION = YES;
				CLANG_WARN_NON_LITERAL_NULL_CONVERSION = YES;
				CLANG_WARN_OBJC_IMPLICIT_RETAIN_SELF = YES;
				CLANG_WARN_OBJC_LITERAL_CONVERSION = YES;
				CLANG_WARN_OBJC_ROOT_CLASS = YES_ERROR;
				CLANG_WARN_RANGE_LOOP_ANALYSIS = YES;
				CLANG_WARN_STRICT_PROTOTYPES = YES;
				CLANG_WARN_SUSPICIOUS_MOVE = YES;
				CLANG_WARN_UNGUARDED_AVAILABILITY = YES_AGGRESSIVE;
				CLANG_WARN_UNREACHABLE_CODE = YES;
				CLANG_WARN__DUPLICATE_METHOD_MATCH = YES;
				CODE_SIGN_IDENTITY = "iPhone Developer";
				COPY_PHASE_STRIP = NO;
				DEBUG_INFORMATION_FORMAT = dwarf;
				ENABLE_STRICT_OBJC_MSGSEND = YES;
				ENABLE_TESTABILITY = YES;
				GCC_C_LANGUAGE_STANDARD = gnu11;
				GCC_DYNAMIC_NO_PIC = NO;
				GCC_NO_COMMON_BLOCKS = YES;
				GCC_OPTIMIZATION_LEVEL = 0;
				GCC_PREPROCESSOR_DEFINITIONS = (
					"DEBUG=1",
					"$(inherited)",
				);
				GCC_WARN_64_TO_32_BIT_CONVERSION = YES;
				GCC_WARN_ABOUT_RETURN_TYPE = YES_ERROR;
				GCC_WARN_UNDECLARED_SELECTOR = YES;
				GCC_WARN_UNINITIALIZED_AUTOS = YES_AGGRESSIVE;
				GCC_WARN_UNUSED_FUNCTION = YES;
				GCC_WARN_UNUSED_VARIABLE = YES;
				IPHONEOS_DEPLOYMENT_TARGET = 12.1;
				MTL_ENABLE_DEBUG_INFO = INCLUDE_SOURCE;
				MTL_FAST_MATH = YES;
				ONLY_ACTIVE_ARCH = YES;
				SDKROOT = iphoneos;
			};
			name = Debug;
		};
		137E102721B7BE9800FBDE9C /* Release */ = {
			isa = XCBuildConfiguration;
			buildSettings = {
				ALWAYS_SEARCH_USER_PATHS = NO;
				CLANG_ANALYZER_NONNULL = YES;
				CLANG_ANALYZER_NUMBER_OBJECT_CONVERSION = YES_AGGRESSIVE;
				CLANG_CXX_LANGUAGE_STANDARD = "gnu++14";
				CLANG_CXX_LIBRARY = "libc++";
				CLANG_ENABLE_MODULES = YES;
				CLANG_ENABLE_OBJC_ARC = YES;
				CLANG_ENABLE_OBJC_WEAK = YES;
				CLANG_WARN_BLOCK_CAPTURE_AUTORELEASING = YES;
				CLANG_WARN_BOOL_CONVERSION = YES;
				CLANG_WARN_COMMA = YES;
				CLANG_WARN_CONSTANT_CONVERSION = YES;
				CLANG_WARN_DEPRECATED_OBJC_IMPLEMENTATIONS = YES;
				CLANG_WARN_DIRECT_OBJC_ISA_USAGE = YES_ERROR;
				CLANG_WARN_DOCUMENTATION_COMMENTS = YES;
				CLANG_WARN_EMPTY_BODY = YES;
				CLANG_WARN_ENUM_CONVERSION = YES;
				CLANG_WARN_INFINITE_RECURSION = YES;
				CLANG_WARN_INT_CONVERSION = YES;
				CLANG_WARN_NON_LITERAL_NULL_CONVERSION = YES;
				CLANG_WARN_OBJC_IMPLICIT_RETAIN_SELF = YES;
				CLANG_WARN_OBJC_LITERAL_CONVERSION = YES;
				CLANG_WARN_OBJC_ROOT_CLASS = YES_ERROR;
				CLANG_WARN_RANGE_LOOP_ANALYSIS = YES;
				CLANG_WARN_STRICT_PROTOTYPES = YES;
				CLANG_WARN_SUSPICIOUS_MOVE = YES;
				CLANG_WARN_UNGUARDED_AVAILABILITY = YES_AGGRESSIVE;
				CLANG_WARN_UNREACHABLE_CODE = YES;
				CLANG_WARN__DUPLICATE_METHOD_MATCH = YES;
				CODE_SIGN_IDENTITY = "iPhone Developer";
				COPY_PHASE_STRIP = NO;
				DEBUG_INFORMATION_FORMAT = "dwarf-with-dsym";
				ENABLE_NS_ASSERTIONS = NO;
				ENABLE_STRICT_OBJC_MSGSEND = YES;
				GCC_C_LANGUAGE_STANDARD = gnu11;
				GCC_NO_COMMON_BLOCKS = YES;
				GCC_WARN_64_TO_32_BIT_CONVERSION = YES;
				GCC_WARN_ABOUT_RETURN_TYPE = YES_ERROR;
				GCC_WARN_UNDECLARED_SELECTOR = YES;
				GCC_WARN_UNINITIALIZED_AUTOS = YES_AGGRESSIVE;
				GCC_WARN_UNUSED_FUNCTION = YES;
				GCC_WARN_UNUSED_VARIABLE = YES;
				IPHONEOS_DEPLOYMENT_TARGET = 12.1;
				MTL_ENABLE_DEBUG_INFO = NO;
				MTL_FAST_MATH = YES;
				SDKROOT = iphoneos;
				VALIDATE_PRODUCT = YES;
			};
			name = Release;
		};
		137E102921B7BE9800FBDE9C /* Debug */ = {
			isa = XCBuildConfiguration;
			buildSettings = {
				ASSETCATALOG_COMPILER_APPICON_NAME = AppIcon;
				CODE_SIGN_STYLE = Automatic;
				DEVELOPMENT_TEAM = 49ENPVW3M9;
				INFOPLIST_FILE = ShowControllerName/Info.plist;
				LD_RUNPATH_SEARCH_PATHS = (
					"$(inherited)",
					"@executable_path/Frameworks",
				);
				PRODUCT_BUNDLE_IDENTIFIER = com.ShowControllerName;
				PRODUCT_NAME = "$(TARGET_NAME)";
				TARGETED_DEVICE_FAMILY = "1,2";
			};
			name = Debug;
		};
		137E102A21B7BE9800FBDE9C /* Release */ = {
			isa = XCBuildConfiguration;
			buildSettings = {
				ASSETCATALOG_COMPILER_APPICON_NAME = AppIcon;
				CODE_SIGN_STYLE = Automatic;
				DEVELOPMENT_TEAM = 49ENPVW3M9;
				INFOPLIST_FILE = ShowControllerName/Info.plist;
				LD_RUNPATH_SEARCH_PATHS = (
					"$(inherited)",
					"@executable_path/Frameworks",
				);
				PRODUCT_BUNDLE_IDENTIFIER = com.ShowControllerName;
				PRODUCT_NAME = "$(TARGET_NAME)";
				TARGETED_DEVICE_FAMILY = "1,2";
			};
			name = Release;
		};
/* End XCBuildConfiguration section */

/* Begin XCConfigurationList section */
		137E100D21B7BE9600FBDE9C /* Build configuration list for PBXProject "ShowControllerName" */ = {
			isa = XCConfigurationList;
			buildConfigurations = (
				137E102621B7BE9800FBDE9C /* Debug */,
				137E102721B7BE9800FBDE9C /* Release */,
			);
			defaultConfigurationIsVisible = 0;
			defaultConfigurationName = Release;
		};
		137E102821B7BE9800FBDE9C /* Build configuration list for PBXNativeTarget "ShowControllerName" */ = {
			isa = XCConfigurationList;
			buildConfigurations = (
				137E102921B7BE9800FBDE9C /* Debug */,
				137E102A21B7BE9800FBDE9C /* Release */,
			);
			defaultConfigurationIsVisible = 0;
			defaultConfigurationName = Release;
		};
/* End XCConfigurationList section */
	};
	rootObject = 137E100A21B7BE9600FBDE9C /* Project object */;
}
