// !$*UTF8*$!
{
	archiveVersion = 1;
	classes = {
	};
	objectVersion = 50;
	objects = {

/* Begin PBXBuildFile section */
		130C3FAB21B90544008A83DE /* YLChildViewController.m in Sources */ = {isa = PBXBuildFile; fileRef = 130C3FAA21B90544008A83DE /* YLChildViewController.m */; };
		137E103D21B7C66800FBDE9C /* AppDelegate.m in Sources */ = {isa = PBXBuildFile; fileRef = 137E103C21B7C66800FBDE9C /* AppDelegate.m */; };
		137E104021B7C66800FBDE9C /* ViewController.m in Sources */ = {isa = PBXBuildFile; fileRef = 137E103F21B7C66800FBDE9C /* ViewController.m */; };
		137E104321B7C66800FBDE9C /* Main.storyboard in Resources */ = {isa = PBXBuildFile; fileRef = 137E104121B7C66800FBDE9C /* Main.storyboard */; };
		137E104521B7C66900FBDE9C /* Assets.xcassets in Resources */ = {isa = PBXBuildFile; fileRef = 137E104421B7C66900FBDE9C /* Assets.xcassets */; };
		137E104821B7C66900FBDE9C /* LaunchScreen.storyboard in Resources */ = {isa = PBXBuildFile; fileRef = 137E104621B7C66900FBDE9C /* LaunchScreen.storyboard */; };
		137E104B21B7C66900FBDE9C /* main.m in Sources */ = {isa = PBXBuildFile; fileRef = 137E104A21B7C66900FBDE9C /* main.m */; };
		137E105421B7C69500FBDE9C /* UIViewController+ClassName.m in Sources */ = {isa = PBXBuildFile; fileRef = 137E105321B7C69500FBDE9C /* UIViewController+ClassName.m */; };
/* End PBXBuildFile section */

/* Begin PBXFileReference section */
		130C3FA921B90544008A83DE /* YLChildViewController.h */ = {isa = PBXFileReference; lastKnownFileType = sourcecode.c.h; path = YLChildViewController.h; sourceTree = "<group>"; };
		130C3FAA21B90544008A83DE /* YLChildViewController.m */ = {isa = PBXFileReference; lastKnownFileType = sourcecode.c.objc; path = YLChildViewController.m; sourceTree = "<group>"; };
		137E103821B7C66800FBDE9C /* YLControllerName.app */ = {isa = PBXFileReference; explicitFileType = wrapper.application; includeInIndex = 0; path = YLControllerName.app; sourceTree = BUILT_PRODUCTS_DIR; };
		137E103B21B7C66800FBDE9C /* AppDelegate.h */ = {isa = PBXFileReference; lastKnownFileType = sourcecode.c.h; path = AppDelegate.h; sourceTree = "<group>"; };
		137E103C21B7C66800FBDE9C /* AppDelegate.m */ = {isa = PBXFileReference; lastKnownFileType = sourcecode.c.objc; path = AppDelegate.m; sourceTree = "<group>"; };
		137E103E21B7C66800FBDE9C /* ViewController.h */ = {isa = PBXFileReference; lastKnownFileType = sourcecode.c.h; path = ViewController.h; sourceTree = "<group>"; };
		137E103F21B7C66800FBDE9C /* ViewController.m */ = {isa = PBXFileReference; lastKnownFileType = sourcecode.c.objc; path = ViewController.m; sourceTree = "<group>"; };
		137E104221B7C66800FBDE9C /* Base */ = {isa = PBXFileReference; lastKnownFileType = file.storyboard; name = Base; path = Base.lproj/Main.storyboard; sourceTree = "<group>"; };
		137E104421B7C66900FBDE9C /* Assets.xcassets */ = {isa = PBXFileReference; lastKnownFileType = folder.assetcatalog; path = Assets.xcassets; sourceTree = "<group>"; };
		137E104721B7C66900FBDE9C /* Base */ = {isa = PBXFileReference; lastKnownFileType = file.storyboard; name = Base; path = Base.lproj/LaunchScreen.storyboard; sourceTree = "<group>"; };
		137E104921B7C66900FBDE9C /* Info.plist */ = {isa = PBXFileReference; lastKnownFileType = text.plist.xml; path = Info.plist; sourceTree = "<group>"; };
		137E104A21B7C66900FBDE9C /* main.m */ = {isa = PBXFileReference; lastKnownFileType = sourcecode.c.objc; path = main.m; sourceTree = "<group>"; };
		137E105221B7C69500FBDE9C /* UIViewController+ClassName.h */ = {isa = PBXFileReference; fileEncoding = 4; lastKnownFileType = sourcecode.c.h; path = "UIViewController+ClassName.h"; sourceTree = "<group>"; };
		137E105321B7C69500FBDE9C /* UIViewController+ClassName.m */ = {isa = PBXFileReference; fileEncoding = 4; lastKnownFileType = sourcecode.c.objc; path = "UIViewController+ClassName.m"; sourceTree = "<group>"; };
/* End PBXFileReference section */

/* Begin PBXFrameworksBuildPhase section */
		137E103521B7C66800FBDE9C /* Frameworks */ = {
			isa = PBXFrameworksBuildPhase;
			buildActionMask = 2147483647;
			files = (
			);
			runOnlyForDeploymentPostprocessing = 0;
		};
/* End PBXFrameworksBuildPhase section */

/* Begin PBXGroup section */
		137E102F21B7C66800FBDE9C = {
			isa = PBXGroup;
			children = (
				137E103A21B7C66800FBDE9C /* YLControllerName */,
				137E103921B7C66800FBDE9C /* Products */,
			);
			sourceTree = "<group>";
		};
		137E103921B7C66800FBDE9C /* Products */ = {
			isa = PBXGroup;
			children = (
				137E103821B7C66800FBDE9C /* YLControllerName.app */,
			);
			name = Products;
			sourceTree = "<group>";
		};
		137E103A21B7C66800FBDE9C /* YLControllerName */ = {
			isa = PBXGroup;
			children = (
				137E105121B7C67500FBDE9C /* VCClassName */,
				137E103B21B7C66800FBDE9C /* AppDelegate.h */,
				137E103C21B7C66800FBDE9C /* AppDelegate.m */,
				137E103E21B7C66800FBDE9C /* ViewController.h */,
				137E103F21B7C66800FBDE9C /* ViewController.m */,
				130C3FA921B90544008A83DE /* YLChildViewController.h */,
				130C3FAA21B90544008A83DE /* YLChildViewController.m */,
				137E104121B7C66800FBDE9C /* Main.storyboard */,
				137E104421B7C66900FBDE9C /* Assets.xcassets */,
				137E104621B7C66900FBDE9C /* LaunchScreen.storyboard */,
				137E104921B7C66900FBDE9C /* Info.plist */,
				137E104A21B7C66900FBDE9C /* main.m */,
			);
			path = YLControllerName;
			sourceTree = "<group>";
		};
		137E105121B7C67500FBDE9C /* VCClassName */ = {
			isa = PBXGroup;
			children = (
				137E105221B7C69500FBDE9C /* UIViewController+ClassName.h */,
				137E105321B7C69500FBDE9C /* UIViewController+ClassName.m */,
			);
			path = VCClassName;
			sourceTree = "<group>";
		};
/* End PBXGroup section */

/* Begin PBXNativeTarget section */
		137E103721B7C66800FBDE9C /* YLControllerName */ = {
			isa = PBXNativeTarget;
			buildConfigurationList = 137E104E21B7C66900FBDE9C /* Build configuration list for PBXNativeTarget "YLControllerName" */;
			buildPhases = (
				137E103421B7C66800FBDE9C /* Sources */,
				137E103521B7C66800FBDE9C /* Frameworks */,
				137E103621B7C66800FBDE9C /* Resources */,
			);
			buildRules = (
			);
			dependencies = (
			);
			name = YLControllerName;
			productName = YLControllerName;
			productReference = 137E103821B7C66800FBDE9C /* YLControllerName.app */;
			productType = "com.apple.product-type.application";
		};
/* End PBXNativeTarget section */

/* Begin PBXProject section */
		137E103021B7C66800FBDE9C /* Project object */ = {
			isa = PBXProject;
			attributes = {
				CLASSPREFIX = YL;
				LastUpgradeCheck = 1010;
				ORGANIZATIONNAME = Conner;
				TargetAttributes = {
					137E103721B7C66800FBDE9C = {
						CreatedOnToolsVersion = 10.1;
					};
				};
			};
			buildConfigurationList = 137E103321B7C66800FBDE9C /* Build configuration list for PBXProject "YLControllerName" */;
			compatibilityVersion = "Xcode 9.3";
			developmentRegion = en;
			hasScannedForEncodings = 0;
			knownRegions = (
				en,
				Base,
			);
			mainGroup = 137E102F21B7C66800FBDE9C;
			productRefGroup = 137E103921B7C66800FBDE9C /* Products */;
			projectDirPath = "";
			projectRoot = "";
			targets = (
				137E103721B7C66800FBDE9C /* YLControllerName */,
			);
		};
/* End PBXProject section */

/* Begin PBXResourcesBuildPhase section */
		137E103621B7C66800FBDE9C /* Resources */ = {
			isa = PBXResourcesBuildPhase;
			buildActionMask = 2147483647;
			files = (
				137E104821B7C66900FBDE9C /* LaunchScreen.storyboard in Resources */,
				137E104521B7C66900FBDE9C /* Assets.xcassets in Resources */,
				137E104321B7C66800FBDE9C /* Main.storyboard in Resources */,
			);
			runOnlyForDeploymentPostprocessing = 0;
		};
/* End PBXResourcesBuildPhase section */

/* Begin PBXSourcesBuildPhase section */
		137E103421B7C66800FBDE9C /* Sources */ = {
			isa = PBXSourcesBuildPhase;
			buildActionMask = 2147483647;
			files = (
				137E104021B7C66800FBDE9C /* ViewController.m in Sources */,
				137E104B21B7C66900FBDE9C /* main.m in Sources */,
				130C3FAB21B90544008A83DE /* YLChildViewController.m in Sources */,
				137E105421B7C69500FBDE9C /* UIViewController+ClassName.m in Sources */,
				137E103D21B7C66800FBDE9C /* AppDelegate.m in Sources */,
			);
			runOnlyForDeploymentPostprocessing = 0;
		};
/* End PBXSourcesBuildPhase section */

/* Begin PBXVariantGroup section */
		137E104121B7C66800FBDE9C /* Main.storyboard */ = {
			isa = PBXVariantGroup;
			children = (
				137E104221B7C66800FBDE9C /* Base */,
			);
			name = Main.storyboard;
			sourceTree = "<group>";
		};
		137E104621B7C66900FBDE9C /* LaunchScreen.storyboard */ = {
			isa = PBXVariantGroup;
			children = (
				137E104721B7C66900FBDE9C /* Base */,
			);
			name = LaunchScreen.storyboard;
			sourceTree = "<group>";
		};
/* End PBXVariantGroup section */

/* Begin XCBuildConfiguration section */
		137E104C21B7C66900FBDE9C /* Debug */ = {
			isa = XCBuildConfiguration;
			buildSettings = {
				ALWAYS_SEARCH_USER_PATHS = NO;
				CLANG_ANALYZER_NONNULL = YES;
				CLANG_ANALYZER_NUMBER_OBJECT_CONVERSION = YES_AGGRESSIVE;
				CLANG_CXX_LANGUAGE_STANDARD = "gnu++14";
				CLANG_CXX_LIBRARY = "libc++";
				CLANG_ENABLE_MODULES = YES;
				CLANG_ENABLE_OBJC_ARC = YES;
				CLANG_ENABLE_OBJC_WEAK = YES;
				CLANG_WARN_BLOCK_CAPTURE_AUTORELEASING = YES;
				CLANG_WARN_BOOL_CONVERSION = YES;
				CLANG_WARN_COMMA = YES;
				CLANG_WARN_CONSTANT_CONVERSION = YES;
				CLANG_WARN_DEPRECATED_OBJC_IMPLEMENTATIONS = YES;
				CLANG_WARN_DIRECT_OBJC_ISA_USAGE = YES_ERROR;
				CLANG_WARN_DOCUMENTATION_COMMENTS = YES;
				CLANG_WARN_EMPTY_BODY = YES;
				CLANG_WARN_ENUM_CONVERSION = YES;
				CLANG_WARN_INFINITE_RECURSION = YES;
				CLANG_WARN_INT_CONVERSION = YES;
				CLANG_WARN_NON_LITERAL_NULL_CONVERSION = YES;
				CLANG_WARN_OBJC_IMPLICIT_RETAIN_SELF = YES;
				CLANG_WARN_OBJC_LITERAL_CONVERSION = YES;
				CLANG_WARN_OBJC_ROOT_CLASS = YES_ERROR;
				CLANG_WARN_RANGE_LOOP_ANALYSIS = YES;
				CLANG_WARN_STRICT_PROTOTYPES = YES;
				CLANG_WARN_SUSPICIOUS_MOVE = YES;
				CLANG_WARN_UNGUARDED_AVAILABILITY = YES_AGGRESSIVE;
				CLANG_WARN_UNREACHABLE_CODE = YES;
				CLANG_WARN__DUPLICATE_METHOD_MATCH = YES;
				CODE_SIGN_IDENTITY = "iPhone Developer";
				COPY_PHASE_STRIP = NO;
				DEBUG_INFORMATION_FORMAT = dwarf;
				ENABLE_STRICT_OBJC_MSGSEND = YES;
				ENABLE_TESTABILITY = YES;
				GCC_C_LANGUAGE_STANDARD = gnu11;
				GCC_DYNAMIC_NO_PIC = NO;
				GCC_NO_COMMON_BLOCKS = YES;
				GCC_OPTIMIZATION_LEVEL = 0;
				GCC_PREPROCESSOR_DEFINITIONS = (
					"DEBUG=1",
					"$(inherited)",
				);
				GCC_WARN_64_TO_32_BIT_CONVERSION = YES;
				GCC_WARN_ABOUT_RETURN_TYPE = YES_ERROR;
				GCC_WARN_UNDECLARED_SELECTOR = YES;
				GCC_WARN_UNINITIALIZED_AUTOS = YES_AGGRESSIVE;
				GCC_WARN_UNUSED_FUNCTION = YES;
				GCC_WARN_UNUSED_VARIABLE = YES;
				IPHONEOS_DEPLOYMENT_TARGET = 12.1;
				MTL_ENABLE_DEBUG_INFO = INCLUDE_SOURCE;
				MTL_FAST_MATH = YES;
				ONLY_ACTIVE_ARCH = YES;
				SDKROOT = iphoneos;
			};
			name = Debug;
		};
		137E104D21B7C66900FBDE9C /* Release */ = {
			isa = XCBuildConfiguration;
			buildSettings = {
				ALWAYS_SEARCH_USER_PATHS = NO;
				CLANG_ANALYZER_NONNULL = YES;
				CLANG_ANALYZER_NUMBER_OBJECT_CONVERSION = YES_AGGRESSIVE;
				CLANG_CXX_LANGUAGE_STANDARD = "gnu++14";
				CLANG_CXX_LIBRARY = "libc++";
				CLANG_ENABLE_MODULES = YES;
				CLANG_ENABLE_OBJC_ARC = YES;
				CLANG_ENABLE_OBJC_WEAK = YES;
				CLANG_WARN_BLOCK_CAPTURE_AUTORELEASING = YES;
				CLANG_WARN_BOOL_CONVERSION = YES;
				CLANG_WARN_COMMA = YES;
				CLANG_WARN_CONSTANT_CONVERSION = YES;
				CLANG_WARN_DEPRECATED_OBJC_IMPLEMENTATIONS = YES;
				CLANG_WARN_DIRECT_OBJC_ISA_USAGE = YES_ERROR;
				CLANG_WARN_DOCUMENTATION_COMMENTS = YES;
				CLANG_WARN_EMPTY_BODY = YES;
				CLANG_WARN_ENUM_CONVERSION = YES;
				CLANG_WARN_INFINITE_RECURSION = YES;
				CLANG_WARN_INT_CONVERSION = YES;
				CLANG_WARN_NON_LITERAL_NULL_CONVERSION = YES;
				CLANG_WARN_OBJC_IMPLICIT_RETAIN_SELF = YES;
				CLANG_WARN_OBJC_LITERAL_CONVERSION = YES;
				CLANG_WARN_OBJC_ROOT_CLASS = YES_ERROR;
				CLANG_WARN_RANGE_LOOP_ANALYSIS = YES;
				CLANG_WARN_STRICT_PROTOTYPES = YES;
				CLANG_WARN_SUSPICIOUS_MOVE = YES;
				CLANG_WARN_UNGUARDED_AVAILABILITY = YES_AGGRESSIVE;
				CLANG_WARN_UNREACHABLE_CODE = YES;
				CLANG_WARN__DUPLICATE_METHOD_MATCH = YES;
				CODE_SIGN_IDENTITY = "iPhone Developer";
				COPY_PHASE_STRIP = NO;
				DEBUG_INFORMATION_FORMAT = "dwarf-with-dsym";
				ENABLE_NS_ASSERTIONS = NO;
				ENABLE_STRICT_OBJC_MSGSEND = YES;
				GCC_C_LANGUAGE_STANDARD = gnu11;
				GCC_NO_COMMON_BLOCKS = YES;
				GCC_WARN_64_TO_32_BIT_CONVERSION = YES;
				GCC_WARN_ABOUT_RETURN_TYPE = YES_ERROR;
				GCC_WARN_UNDECLARED_SELECTOR = YES;
				GCC_WARN_UNINITIALIZED_AUTOS = YES_AGGRESSIVE;
				GCC_WARN_UNUSED_FUNCTION = YES;
				GCC_WARN_UNUSED_VARIABLE = YES;
				IPHONEOS_DEPLOYMENT_TARGET = 12.1;
				MTL_ENABLE_DEBUG_INFO = NO;
				MTL_FAST_MATH = YES;
				SDKROOT = iphoneos;
				VALIDATE_PRODUCT = YES;
			};
			name = Release;
		};
		137E104F21B7C66900FBDE9C /* Debug */ = {
			isa = XCBuildConfiguration;
			buildSettings = {
				ASSETCATALOG_COMPILER_APPICON_NAME = AppIcon;
				CODE_SIGN_STYLE = Automatic;
				DEVELOPMENT_TEAM = 49ENPVW3M9;
				INFOPLIST_FILE = YLControllerName/Info.plist;
				IPHONEOS_DEPLOYMENT_TARGET = 9.0;
				LD_RUNPATH_SEARCH_PATHS = (
					"$(inherited)",
					"@executable_path/Frameworks",
				);
				PRODUCT_BUNDLE_IDENTIFIER = com.YLControllerName;
				PRODUCT_NAME = "$(TARGET_NAME)";
				TARGETED_DEVICE_FAMILY = "1,2";
			};
			name = Debug;
		};
		137E105021B7C66900FBDE9C /* Release */ = {
			isa = XCBuildConfiguration;
			buildSettings = {
				ASSETCATALOG_COMPILER_APPICON_NAME = AppIcon;
				CODE_SIGN_STYLE = Automatic;
				DEVELOPMENT_TEAM = 49ENPVW3M9;
				INFOPLIST_FILE = YLControllerName/Info.plist;
				IPHONEOS_DEPLOYMENT_TARGET = 9.0;
				LD_RUNPATH_SEARCH_PATHS = (
					"$(inherited)",
					"@executable_path/Frameworks",
				);
				PRODUCT_BUNDLE_IDENTIFIER = com.YLControllerName;
				PRODUCT_NAME = "$(TARGET_NAME)";
				TARGETED_DEVICE_FAMILY = "1,2";
			};
			name = Release;
		};
/* End XCBuildConfiguration section */

/* Begin XCConfigurationList section */
		137E103321B7C66800FBDE9C /* Build configuration list for PBXProject "YLControllerName" */ = {
			isa = XCConfigurationList;
			buildConfigurations = (
				137E104C21B7C66900FBDE9C /* Debug */,
				137E104D21B7C66900FBDE9C /* Release */,
			);
			defaultConfigurationIsVisible = 0;
			defaultConfigurationName = Release;
		};
		137E104E21B7C66900FBDE9C /* Build configuration list for PBXNativeTarget "YLControllerName" */ = {
			isa = XCConfigurationList;
			buildConfigurations = (
				137E104F21B7C66900FBDE9C /* Debug */,
				137E105021B7C66900FBDE9C /* Release */,
			);
			defaultConfigurationIsVisible = 0;
			defaultConfigurationName = Release;
		};
/* End XCConfigurationList section */
	};
	rootObject = 137E103021B7C66800FBDE9C /* Project object */;
}
